// !$*UTF8*$!
{
	archiveVersion = 1;
	classes = {
	};
	objectVersion = 51;
	objects = {

/* Begin PBXBuildFile section */
		15A5B19295563F44CC293A43 /* Pods_LgMainProject.framework in Frameworks */ = {isa = PBXBuildFile; fileRef = BFD6A820290B3278E71A0A2F /* Pods_LgMainProject.framework */; };
		BDD286D32455643A00016AC6 /* AppDelegate.m in Sources */ = {isa = PBXBuildFile; fileRef = BDD286D22455643A00016AC6 /* AppDelegate.m */; };
		BDD286D62455643A00016AC6 /* SceneDelegate.m in Sources */ = {isa = PBXBuildFile; fileRef = BDD286D52455643A00016AC6 /* SceneDelegate.m */; };
		BDD286D92455643A00016AC6 /* ViewController.m in Sources */ = {isa = PBXBuildFile; fileRef = BDD286D82455643A00016AC6 /* ViewController.m */; };
		BDD286DC2455643A00016AC6 /* Main.storyboard in Resources */ = {isa = PBXBuildFile; fileRef = BDD286DA2455643A00016AC6 /* Main.storyboard */; };
		BDD286DE2455643D00016AC6 /* Assets.xcassets in Resources */ = {isa = PBXBuildFile; fileRef = BDD286DD2455643D00016AC6 /* Assets.xcassets */; };
		BDD286E12455643D00016AC6 /* LaunchScreen.storyboard in Resources */ = {isa = PBXBuildFile; fileRef = BDD286DF2455643D00016AC6 /* LaunchScreen.storyboard */; };
		BDD286E42455643D00016AC6 /* main.m in Sources */ = {isa = PBXBuildFile; fileRef = BDD286E32455643D00016AC6 /* main.m */; };
/* End PBXBuildFile section */

/* Begin PBXFileReference section */
		6016E6E7F0F62451E16EA303 /* Pods-LgMainProject.release.xcconfig */ = {isa = PBXFileReference; includeInIndex = 1; lastKnownFileType = text.xcconfig; name = "Pods-LgMainProject.release.xcconfig"; path = "Target Support Files/Pods-LgMainProject/Pods-LgMainProject.release.xcconfig"; sourceTree = "<group>"; };
		BDD286CE2455643A00016AC6 /* LgMainProject.app */ = {isa = PBXFileReference; explicitFileType = wrapper.application; includeInIndex = 0; path = LgMainProject.app; sourceTree = BUILT_PRODUCTS_DIR; };
		BDD286D12455643A00016AC6 /* AppDelegate.h */ = {isa = PBXFileReference; lastKnownFileType = sourcecode.c.h; path = AppDelegate.h; sourceTree = "<group>"; };
		BDD286D22455643A00016AC6 /* AppDelegate.m */ = {isa = PBXFileReference; lastKnownFileType = sourcecode.c.objc; path = AppDelegate.m; sourceTree = "<group>"; };
		BDD286D42455643A00016AC6 /* SceneDelegate.h */ = {isa = PBXFileReference; lastKnownFileType = sourcecode.c.h; path = SceneDelegate.h; sourceTree = "<group>"; };
		BDD286D52455643A00016AC6 /* SceneDelegate.m */ = {isa = PBXFileReference; lastKnownFileType = sourcecode.c.objc; path = SceneDelegate.m; sourceTree = "<group>"; };
		BDD286D72455643A00016AC6 /* ViewController.h */ = {isa = PBXFileReference; lastKnownFileType = sourcecode.c.h; path = ViewController.h; sourceTree = "<group>"; };
		BDD286D82455643A00016AC6 /* ViewController.m */ = {isa = PBXFileReference; lastKnownFileType = sourcecode.c.objc; path = ViewController.m; sourceTree = "<group>"; };
		BDD286DB2455643A00016AC6 /* Base */ = {isa = PBXFileReference; lastKnownFileType = file.storyboard; name = Base; path = Base.lproj/Main.storyboard; sourceTree = "<group>"; };
		BDD286DD2455643D00016AC6 /* Assets.xcassets */ = {isa = PBXFileReference; lastKnownFileType = folder.assetcatalog; path = Assets.xcassets; sourceTree = "<group>"; };
		BDD286E02455643D00016AC6 /* Base */ = {isa = PBXFileReference; lastKnownFileType = file.storyboard; name = Base; path = Base.lproj/LaunchScreen.storyboard; sourceTree = "<group>"; };
		BDD286E22455643D00016AC6 /* Info.plist */ = {isa = PBXFileReference; lastKnownFileType = text.plist.xml; path = Info.plist; sourceTree = "<group>"; };
		BDD286E32455643D00016AC6 /* main.m */ = {isa = PBXFileReference; lastKnownFileType = sourcecode.c.objc; path = main.m; sourceTree = "<group>"; };
		BFD6A820290B3278E71A0A2F /* Pods_LgMainProject.framework */ = {isa = PBXFileReference; explicitFileType = wrapper.framework; includeInIndex = 0; path = Pods_LgMainProject.framework; sourceTree = BUILT_PRODUCTS_DIR; };
		E3113F8C1D15356C2F1AE2F9 /* Pods-LgMainProject.debug.xcconfig */ = {isa = PBXFileReference; includeInIndex = 1; lastKnownFileType = text.xcconfig; name = "Pods-LgMainProject.debug.xcconfig"; path = "Target Support Files/Pods-LgMainProject/Pods-LgMainProject.debug.xcconfig"; sourceTree = "<group>"; };
/* End PBXFileReference section */

/* Begin PBXFrameworksBuildPhase section */
		BDD286CB2455643A00016AC6 /* Frameworks */ = {
			isa = PBXFrameworksBuildPhase;
			buildActionMask = 2147483647;
			files = (
				15A5B19295563F44CC293A43 /* Pods_LgMainProject.framework in Frameworks */,
			);
			runOnlyForDeploymentPostprocessing = 0;
		};
/* End PBXFrameworksBuildPhase section */

/* Begin PBXGroup section */
		7DA1A9B51C01823A13A95205 /* Frameworks */ = {
			isa = PBXGroup;
			children = (
				BFD6A820290B3278E71A0A2F /* Pods_LgMainProject.framework */,
			);
			name = Frameworks;
			sourceTree = "<group>";
		};
		945D036C7A2200C9D59980B0 /* Pods */ = {
			isa = PBXGroup;
			children = (
				E3113F8C1D15356C2F1AE2F9 /* Pods-LgMainProject.debug.xcconfig */,
				6016E6E7F0F62451E16EA303 /* Pods-LgMainProject.release.xcconfig */,
			);
			path = Pods;
			sourceTree = "<group>";
		};
		BDD286C52455643A00016AC6 = {
			isa = PBXGroup;
			children = (
				BDD286D02455643A00016AC6 /* LgMainProject */,
				BDD286CF2455643A00016AC6 /* Products */,
				945D036C7A2200C9D59980B0 /* Pods */,
				7DA1A9B51C01823A13A95205 /* Frameworks */,
			);
			sourceTree = "<group>";
		};
		BDD286CF2455643A00016AC6 /* Products */ = {
			isa = PBXGroup;
			children = (
				BDD286CE2455643A00016AC6 /* LgMainProject.app */,
			);
			name = Products;
			sourceTree = "<group>";
		};
		BDD286D02455643A00016AC6 /* LgMainProject */ = {
			isa = PBXGroup;
			children = (
				BDD286D12455643A00016AC6 /* AppDelegate.h */,
				BDD286D22455643A00016AC6 /* AppDelegate.m */,
				BDD286D42455643A00016AC6 /* SceneDelegate.h */,
				BDD286D52455643A00016AC6 /* SceneDelegate.m */,
				BDD286D72455643A00016AC6 /* ViewController.h */,
				BDD286D82455643A00016AC6 /* ViewController.m */,
				BDD286DA2455643A00016AC6 /* Main.storyboard */,
				BDD286DD2455643D00016AC6 /* Assets.xcassets */,
				BDD286DF2455643D00016AC6 /* LaunchScreen.storyboard */,
				BDD286E22455643D00016AC6 /* Info.plist */,
				BDD286E32455643D00016AC6 /* main.m */,
			);
			path = LgMainProject;
			sourceTree = "<group>";
		};
/* End PBXGroup section */

/* Begin PBXNativeTarget section */
		BDD286CD2455643A00016AC6 /* LgMainProject */ = {
			isa = PBXNativeTarget;
			buildConfigurationList = BDD286E72455643D00016AC6 /* Build configuration list for PBXNativeTarget "LgMainProject" */;
			buildPhases = (
				C9F4485CDB708D24CAAA530D /* [CP] Check Pods Manifest.lock */,
				BDD286CA2455643A00016AC6 /* Sources */,
				BDD286CB2455643A00016AC6 /* Frameworks */,
				BDD286CC2455643A00016AC6 /* Resources */,
				806BEFC3034C53D9CE0E20CD /* [CP] Embed Pods Frameworks */,
			);
			buildRules = (
			);
			dependencies = (
			);
			name = LgMainProject;
			productName = LgMainProject;
			productReference = BDD286CE2455643A00016AC6 /* LgMainProject.app */;
			productType = "com.apple.product-type.application";
		};
/* End PBXNativeTarget section */

/* Begin PBXProject section */
		BDD286C62455643A00016AC6 /* Project object */ = {
			isa = PBXProject;
			attributes = {
				LastUpgradeCheck = 1130;
				ORGANIZATIONNAME = lumi;
				TargetAttributes = {
					BDD286CD2455643A00016AC6 = {
						CreatedOnToolsVersion = 11.3.1;
					};
				};
			};
			buildConfigurationList = BDD286C92455643A00016AC6 /* Build configuration list for PBXProject "LgMainProject" */;
			compatibilityVersion = "Xcode 9.3";
			developmentRegion = en;
			hasScannedForEncodings = 0;
			knownRegions = (
				en,
				Base,
			);
			mainGroup = BDD286C52455643A00016AC6;
			productRefGroup = BDD286CF2455643A00016AC6 /* Products */;
			projectDirPath = "";
			projectRoot = "";
			targets = (
				BDD286CD2455643A00016AC6 /* LgMainProject */,
			);
		};
/* End PBXProject section */

/* Begin PBXResourcesBuildPhase section */
		BDD286CC2455643A00016AC6 /* Resources */ = {
			isa = PBXResourcesBuildPhase;
			buildActionMask = 2147483647;
			files = (
				BDD286E12455643D00016AC6 /* LaunchScreen.storyboard in Resources */,
				BDD286DE2455643D00016AC6 /* Assets.xcassets in Resources */,
				BDD286DC2455643A00016AC6 /* Main.storyboard in Resources */,
			);
			runOnlyForDeploymentPostprocessing = 0;
		};
/* End PBXResourcesBuildPhase section */

/* Begin PBXShellScriptBuildPhase section */
		806BEFC3034C53D9CE0E20CD /* [CP] Embed Pods Frameworks */ = {
			isa = PBXShellScriptBuildPhase;
			buildActionMask = 2147483647;
			files = (
			);
			inputFileListPaths = (
				"${PODS_ROOT}/Target Support Files/Pods-LgMainProject/Pods-LgMainProject-frameworks-${CONFIGURATION}-input-files.xcfilelist",
			);
			name = "[CP] Embed Pods Frameworks";
			outputFileListPaths = (
				"${PODS_ROOT}/Target Support Files/Pods-LgMainProject/Pods-LgMainProject-frameworks-${CONFIGURATION}-output-files.xcfilelist",
			);
			runOnlyForDeploymentPostprocessing = 0;
			shellPath = /bin/sh;
			shellScript = "\"${PODS_ROOT}/Target Support Files/Pods-LgMainProject/Pods-LgMainProject-frameworks.sh\"\n";
			showEnvVarsInLog = 0;
		};
		C9F4485CDB708D24CAAA530D /* [CP] Check Pods Manifest.lock */ = {
			isa = PBXShellScriptBuildPhase;
			buildActionMask = 2147483647;
			files = (
			);
			inputFileListPaths = (
			);
			inputPaths = (
				"${PODS_PODFILE_DIR_PATH}/Podfile.lock",
				"${PODS_ROOT}/Manifest.lock",
			);
			name = "[CP] Check Pods Manifest.lock";
			outputFileListPaths = (
			);
			outputPaths = (
				"$(DERIVED_FILE_DIR)/Pods-LgMainProject-checkManifestLockResult.txt",
			);
			runOnlyForDeploymentPostprocessing = 0;
			shellPath = /bin/sh;
			shellScript = "diff \"${PODS_PODFILE_DIR_PATH}/Podfile.lock\" \"${PODS_ROOT}/Manifest.lock\" > /dev/null\nif [ $? != 0 ] ; then\n    # print error to STDERR\n    echo \"error: The sandbox is not in sync with the Podfile.lock. Run 'pod install' or update your CocoaPods installation.\" >&2\n    exit 1\nfi\n# This output is used by Xcode 'outputs' to avoid re-running this script phase.\necho \"SUCCESS\" > \"${SCRIPT_OUTPUT_FILE_0}\"\n";
			showEnvVarsInLog = 0;
		};
/* End PBXShellScriptBuildPhase section */

/* Begin PBXSourcesBuildPhase section */
		BDD286CA2455643A00016AC6 /* Sources */ = {
			isa = PBXSourcesBuildPhase;
			buildActionMask = 2147483647;
			files = (
				BDD286D92455643A00016AC6 /* ViewController.m in Sources */,
				BDD286D32455643A00016AC6 /* AppDelegate.m in Sources */,
				BDD286E42455643D00016AC6 /* main.m in Sources */,
				BDD286D62455643A00016AC6 /* SceneDelegate.m in Sources */,
			);
			runOnlyForDeploymentPostprocessing = 0;
		};
/* End PBXSourcesBuildPhase section */

/* Begin PBXVariantGroup section */
		BDD286DA2455643A00016AC6 /* Main.storyboard */ = {
			isa = PBXVariantGroup;
			children = (
				BDD286DB2455643A00016AC6 /* Base */,
			);
			name = Main.storyboard;
			sourceTree = "<group>";
		};
		BDD286DF2455643D00016AC6 /* LaunchScreen.storyboard */ = {
			isa = PBXVariantGroup;
			children = (
				BDD286E02455643D00016AC6 /* Base */,
			);
			name = LaunchScreen.storyboard;
			sourceTree = "<group>";
		};
/* End PBXVariantGroup section */

/* Begin XCBuildConfiguration section */
		BDD286E52455643D00016AC6 /* Debug */ = {
			isa = XCBuildConfiguration;
			buildSettings = {
				ALWAYS_SEARCH_USER_PATHS = NO;
				CLANG_ANALYZER_NONNULL = YES;
				CLANG_ANALYZER_NUMBER_OBJECT_CONVERSION = YES_AGGRESSIVE;
				CLANG_CXX_LANGUAGE_STANDARD = "gnu++14";
				CLANG_CXX_LIBRARY = "libc++";
				CLANG_ENABLE_MODULES = YES;
				CLANG_ENABLE_OBJC_ARC = YES;
				CLANG_ENABLE_OBJC_WEAK = YES;
				CLANG_WARN_BLOCK_CAPTURE_AUTORELEASING = YES;
				CLANG_WARN_BOOL_CONVERSION = YES;
				CLANG_WARN_COMMA = YES;
				CLANG_WARN_CONSTANT_CONVERSION = YES;
				CLANG_WARN_DEPRECATED_OBJC_IMPLEMENTATIONS = YES;
				CLANG_WARN_DIRECT_OBJC_ISA_USAGE = YES_ERROR;
				CLANG_WARN_DOCUMENTATION_COMMENTS = YES;
				CLANG_WARN_EMPTY_BODY = YES;
				CLANG_WARN_ENUM_CONVERSION = YES;
				CLANG_WARN_INFINITE_RECURSION = YES;
				CLANG_WARN_INT_CONVERSION = YES;
				CLANG_WARN_NON_LITERAL_NULL_CONVERSION = YES;
				CLANG_WARN_OBJC_IMPLICIT_RETAIN_SELF = YES;
				CLANG_WARN_OBJC_LITERAL_CONVERSION = YES;
				CLANG_WARN_OBJC_ROOT_CLASS = YES_ERROR;
				CLANG_WARN_RANGE_LOOP_ANALYSIS = YES;
				CLANG_WARN_STRICT_PROTOTYPES = YES;
				CLANG_WARN_SUSPICIOUS_MOVE = YES;
				CLANG_WARN_UNGUARDED_AVAILABILITY = YES_AGGRESSIVE;
				CLANG_WARN_UNREACHABLE_CODE = YES;
				CLANG_WARN__DUPLICATE_METHOD_MATCH = YES;
				COPY_PHASE_STRIP = NO;
				DEBUG_INFORMATION_FORMAT = dwarf;
				ENABLE_STRICT_OBJC_MSGSEND = YES;
				ENABLE_TESTABILITY = YES;
				GCC_C_LANGUAGE_STANDARD = gnu11;
				GCC_DYNAMIC_NO_PIC = NO;
				GCC_NO_COMMON_BLOCKS = YES;
				GCC_OPTIMIZATION_LEVEL = 0;
				GCC_PREPROCESSOR_DEFINITIONS = (
					"DEBUG=1",
					"$(inherited)",
				);
				GCC_WARN_64_TO_32_BIT_CONVERSION = YES;
				GCC_WARN_ABOUT_RETURN_TYPE = YES_ERROR;
				GCC_WARN_UNDECLARED_SELECTOR = YES;
				GCC_WARN_UNINITIALIZED_AUTOS = YES_AGGRESSIVE;
				GCC_WARN_UNUSED_FUNCTION = YES;
				GCC_WARN_UNUSED_VARIABLE = YES;
				IPHONEOS_DEPLOYMENT_TARGET = 9.0;
				MTL_ENABLE_DEBUG_INFO = INCLUDE_SOURCE;
				MTL_FAST_MATH = YES;
				ONLY_ACTIVE_ARCH = YES;
				SDKROOT = iphoneos;
			};
			name = Debug;
		};
		BDD286E62455643D00016AC6 /* Release */ = {
			isa = XCBuildConfiguration;
			buildSettings = {
				ALWAYS_SEARCH_USER_PATHS = NO;
				CLANG_ANALYZER_NONNULL = YES;
				CLANG_ANALYZER_NUMBER_OBJECT_CONVERSION = YES_AGGRESSIVE;
				CLANG_CXX_LANGUAGE_STANDARD = "gnu++14";
				CLANG_CXX_LIBRARY = "libc++";
				CLANG_ENABLE_MODULES = YES;
				CLANG_ENABLE_OBJC_ARC = YES;
				CLANG_ENABLE_OBJC_WEAK = YES;
				CLANG_WARN_BLOCK_CAPTURE_AUTORELEASING = YES;
				CLANG_WARN_BOOL_CONVERSION = YES;
				CLANG_WARN_COMMA = YES;
				CLANG_WARN_CONSTANT_CONVERSION = YES;
				CLANG_WARN_DEPRECATED_OBJC_IMPLEMENTATIONS = YES;
				CLANG_WARN_DIRECT_OBJC_ISA_USAGE = YES_ERROR;
				CLANG_WARN_DOCUMENTATION_COMMENTS = YES;
				CLANG_WARN_EMPTY_BODY = YES;
				CLANG_WARN_ENUM_CONVERSION = YES;
				CLANG_WARN_INFINITE_RECURSION = YES;
				CLANG_WARN_INT_CONVERSION = YES;
				CLANG_WARN_NON_LITERAL_NULL_CONVERSION = YES;
				CLANG_WARN_OBJC_IMPLICIT_RETAIN_SELF = YES;
				CLANG_WARN_OBJC_LITERAL_CONVERSION = YES;
				CLANG_WARN_OBJC_ROOT_CLASS = YES_ERROR;
				CLANG_WARN_RANGE_LOOP_ANALYSIS = YES;
				CLANG_WARN_STRICT_PROTOTYPES = YES;
				CLANG_WARN_SUSPICIOUS_MOVE = YES;
				CLANG_WARN_UNGUARDED_AVAILABILITY = YES_AGGRESSIVE;
				CLANG_WARN_UNREACHABLE_CODE = YES;
				CLANG_WARN__DUPLICATE_METHOD_MATCH = YES;
				COPY_PHASE_STRIP = NO;
				DEBUG_INFORMATION_FORMAT = "dwarf-with-dsym";
				ENABLE_NS_ASSERTIONS = NO;
				ENABLE_STRICT_OBJC_MSGSEND = YES;
				GCC_C_LANGUAGE_STANDARD = gnu11;
				GCC_NO_COMMON_BLOCKS = YES;
				GCC_WARN_64_TO_32_BIT_CONVERSION = YES;
				GCC_WARN_ABOUT_RETURN_TYPE = YES_ERROR;
				GCC_WARN_UNDECLARED_SELECTOR = YES;
				GCC_WARN_UNINITIALIZED_AUTOS = YES_AGGRESSIVE;
				GCC_WARN_UNUSED_FUNCTION = YES;
				GCC_WARN_UNUSED_VARIABLE = YES;
				IPHONEOS_DEPLOYMENT_TARGET = 9.0;
				MTL_ENABLE_DEBUG_INFO = NO;
				MTL_FAST_MATH = YES;
				SDKROOT = iphoneos;
				VALIDATE_PRODUCT = YES;
			};
			name = Release;
		};
		BDD286E82455643D00016AC6 /* Debug */ = {
			isa = XCBuildConfiguration;
			baseConfigurationReference = E3113F8C1D15356C2F1AE2F9 /* Pods-LgMainProject.debug.xcconfig */;
			buildSettings = {
				ASSETCATALOG_COMPILER_APPICON_NAME = AppIcon;
				CODE_SIGN_STYLE = Automatic;
				FRAMEWORK_SEARCH_PATHS = (
					"$(inherited)",
					"$(PROJECT_DIR)/LgMainProject",
				);
				INFOPLIST_FILE = LgMainProject/Info.plist;
				LD_RUNPATH_SEARCH_PATHS = (
					"$(inherited)",
					"@executable_path/Frameworks",
				);
				PRODUCT_BUNDLE_IDENTIFIER = lg.LgMainProject;
				PRODUCT_NAME = "$(TARGET_NAME)";
				TARGETED_DEVICE_FAMILY = "1,2";
			};
			name = Debug;
		};
		BDD286E92455643D00016AC6 /* Release */ = {
			isa = XCBuildConfiguration;
			baseConfigurationReference = 6016E6E7F0F62451E16EA303 /* Pods-LgMainProject.release.xcconfig */;
			buildSettings = {
				ASSETCATALOG_COMPILER_APPICON_NAME = AppIcon;
				CODE_SIGN_STYLE = Automatic;
				FRAMEWORK_SEARCH_PATHS = (
					"$(inherited)",
					"$(PROJECT_DIR)/LgMainProject",
				);
				INFOPLIST_FILE = LgMainProject/Info.plist;
				LD_RUNPATH_SEARCH_PATHS = (
					"$(inherited)",
					"@executable_path/Frameworks",
				);
				PRODUCT_BUNDLE_IDENTIFIER = lg.LgMainProject;
				PRODUCT_NAME = "$(TARGET_NAME)";
				TARGETED_DEVICE_FAMILY = "1,2";
			};
			name = Release;
		};
/* End XCBuildConfiguration section */

/* Begin XCConfigurationList section */
		BDD286C92455643A00016AC6 /* Build configuration list for PBXProject "LgMainProject" */ = {
			isa = XCConfigurationList;
			buildConfigurations = (
				BDD286E52455643D00016AC6 /* Debug */,
				BDD286E62455643D00016AC6 /* Release */,
			);
			defaultConfigurationIsVisible = 0;
			defaultConfigurationName = Release;
		};
		BDD286E72455643D00016AC6 /* Build configuration list for PBXNativeTarget "LgMainProject" */ = {
			isa = XCConfigurationList;
			buildConfigurations = (
				BDD286E82455643D00016AC6 /* Debug */,
				BDD286E92455643D00016AC6 /* Release */,
			);
			defaultConfigurationIsVisible = 0;
			defaultConfigurationName = Release;
		};
/* End XCConfigurationList section */
	};
	rootObject = BDD286C62455643A00016AC6 /* Project object */;
}
