// !$*UTF8*$!
{
	archiveVersion = 1;
	classes = {
	};
	objectVersion = 50;
	objects = {

/* Begin PBXBuildFile section */
		15A5B19295563F44CC293A43 /* Pods_LgMainProject.framework in Frameworks */ = {isa = PBXBuildFile; fileRef = BFD6A820290B3278E71A0A2F /* Pods_LgMainProject.framework */; };
		BD24FD9A2485F8AE0080640A /* MVCView.m in Sources */ = {isa = PBXBuildFile; fileRef = BD24FD702485F8AD0080640A /* MVCView.m */; };
		BD24FD9B2485F8AE0080640A /* MVCModel.m in Sources */ = {isa = PBXBuildFile; fileRef = BD24FD732485F8AD0080640A /* MVCModel.m */; };
		BD24FD9C2485F8AE0080640A /* MVCViewController.m in Sources */ = {isa = PBXBuildFile; fileRef = BD24FD752485F8AD0080640A /* MVCViewController.m */; };
		BD24FD9D2485F8AE0080640A /* MVPPresenter.m in Sources */ = {isa = PBXBuildFile; fileRef = BD24FD782485F8AD0080640A /* MVPPresenter.m */; };
		BD24FD9E2485F8AE0080640A /* MVPModel.m in Sources */ = {isa = PBXBuildFile; fileRef = BD24FD792485F8AD0080640A /* MVPModel.m */; };
		BD24FD9F2485F8AE0080640A /* MVPColorManager.m in Sources */ = {isa = PBXBuildFile; fileRef = BD24FD7D2485F8AD0080640A /* MVPColorManager.m */; };
		BD24FDA02485F8AE0080640A /* MVPSizeManager.m in Sources */ = {isa = PBXBuildFile; fileRef = BD24FD7E2485F8AD0080640A /* MVPSizeManager.m */; };
		BD24FDA12485F8AE0080640A /* MVPViewController.m in Sources */ = {isa = PBXBuildFile; fileRef = BD24FD832485F8AD0080640A /* MVPViewController.m */; };
		BD24FDA22485F8AE0080640A /* MVPView.m in Sources */ = {isa = PBXBuildFile; fileRef = BD24FD852485F8AD0080640A /* MVPView.m */; };
		BD24FDA32485F8AE0080640A /* MVVMViewModel.m in Sources */ = {isa = PBXBuildFile; fileRef = BD24FD882485F8AD0080640A /* MVVMViewModel.m */; };
		BD24FDA42485F8AE0080640A /* MVVMViewController.m in Sources */ = {isa = PBXBuildFile; fileRef = BD24FD8A2485F8AD0080640A /* MVVMViewController.m */; };
		BD24FDA52485F8AE0080640A /* MVVMView.m in Sources */ = {isa = PBXBuildFile; fileRef = BD24FD8C2485F8AD0080640A /* MVVMView.m */; };
		BD24FDB92485FA350080640A /* BeehiveDemoViewController.m in Sources */ = {isa = PBXBuildFile; fileRef = BD24FDB82485FA350080640A /* BeehiveDemoViewController.m */; };
		BD24FDBE2485FCBD0080640A /* ReadMe in Resources */ = {isa = PBXBuildFile; fileRef = BD24FDBD2485FCBD0080640A /* ReadMe */; };
		BD6F49BC2463E717002A3BC4 /* LgAppDelegate.m in Sources */ = {isa = PBXBuildFile; fileRef = BD6F49BB2463E717002A3BC4 /* LgAppDelegate.m */; };
		BDD286D62455643A00016AC6 /* SceneDelegate.m in Sources */ = {isa = PBXBuildFile; fileRef = BDD286D52455643A00016AC6 /* SceneDelegate.m */; };
		BDD286D92455643A00016AC6 /* ViewController.m in Sources */ = {isa = PBXBuildFile; fileRef = BDD286D82455643A00016AC6 /* ViewController.m */; };
		BDD286DC2455643A00016AC6 /* Main.storyboard in Resources */ = {isa = PBXBuildFile; fileRef = BDD286DA2455643A00016AC6 /* Main.storyboard */; };
		BDD286DE2455643D00016AC6 /* Assets.xcassets in Resources */ = {isa = PBXBuildFile; fileRef = BDD286DD2455643D00016AC6 /* Assets.xcassets */; };
		BDD286E12455643D00016AC6 /* LaunchScreen.storyboard in Resources */ = {isa = PBXBuildFile; fileRef = BDD286DF2455643D00016AC6 /* LaunchScreen.storyboard */; };
		BDD286E42455643D00016AC6 /* main.m in Sources */ = {isa = PBXBuildFile; fileRef = BDD286E32455643D00016AC6 /* main.m */; };
/* End PBXBuildFile section */

/* Begin PBXFileReference section */
		6016E6E7F0F62451E16EA303 /* Pods-LgMainProject.release.xcconfig */ = {isa = PBXFileReference; includeInIndex = 1; lastKnownFileType = text.xcconfig; name = "Pods-LgMainProject.release.xcconfig"; path = "Target Support Files/Pods-LgMainProject/Pods-LgMainProject.release.xcconfig"; sourceTree = "<group>"; };
		BD24FD702485F8AD0080640A /* MVCView.m */ = {isa = PBXFileReference; fileEncoding = 4; lastKnownFileType = sourcecode.c.objc; path = MVCView.m; sourceTree = "<group>"; };
		BD24FD712485F8AD0080640A /* MVCModel.h */ = {isa = PBXFileReference; fileEncoding = 4; lastKnownFileType = sourcecode.c.h; path = MVCModel.h; sourceTree = "<group>"; };
		BD24FD722485F8AD0080640A /* MVCViewController.h */ = {isa = PBXFileReference; fileEncoding = 4; lastKnownFileType = sourcecode.c.h; path = MVCViewController.h; sourceTree = "<group>"; };
		BD24FD732485F8AD0080640A /* MVCModel.m */ = {isa = PBXFileReference; fileEncoding = 4; lastKnownFileType = sourcecode.c.objc; path = MVCModel.m; sourceTree = "<group>"; };
		BD24FD742485F8AD0080640A /* MVCView.h */ = {isa = PBXFileReference; fileEncoding = 4; lastKnownFileType = sourcecode.c.h; path = MVCView.h; sourceTree = "<group>"; };
		BD24FD752485F8AD0080640A /* MVCViewController.m */ = {isa = PBXFileReference; fileEncoding = 4; lastKnownFileType = sourcecode.c.objc; path = MVCViewController.m; sourceTree = "<group>"; };
		BD24FD772485F8AD0080640A /* MVPViewController.h */ = {isa = PBXFileReference; fileEncoding = 4; lastKnownFileType = sourcecode.c.h; path = MVPViewController.h; sourceTree = "<group>"; };
		BD24FD782485F8AD0080640A /* MVPPresenter.m */ = {isa = PBXFileReference; fileEncoding = 4; lastKnownFileType = sourcecode.c.objc; path = MVPPresenter.m; sourceTree = "<group>"; };
		BD24FD792485F8AD0080640A /* MVPModel.m */ = {isa = PBXFileReference; fileEncoding = 4; lastKnownFileType = sourcecode.c.objc; path = MVPModel.m; sourceTree = "<group>"; };
		BD24FD7B2485F8AD0080640A /* MVPSizeManager.h */ = {isa = PBXFileReference; fileEncoding = 4; lastKnownFileType = sourcecode.c.h; path = MVPSizeManager.h; sourceTree = "<group>"; };
		BD24FD7C2485F8AD0080640A /* MVPColorManager.h */ = {isa = PBXFileReference; fileEncoding = 4; lastKnownFileType = sourcecode.c.h; path = MVPColorManager.h; sourceTree = "<group>"; };
		BD24FD7D2485F8AD0080640A /* MVPColorManager.m */ = {isa = PBXFileReference; fileEncoding = 4; lastKnownFileType = sourcecode.c.objc; path = MVPColorManager.m; sourceTree = "<group>"; };
		BD24FD7E2485F8AD0080640A /* MVPSizeManager.m */ = {isa = PBXFileReference; fileEncoding = 4; lastKnownFileType = sourcecode.c.objc; path = MVPSizeManager.m; sourceTree = "<group>"; };
		BD24FD802485F8AD0080640A /* MVPColorProtocol.h */ = {isa = PBXFileReference; fileEncoding = 4; lastKnownFileType = sourcecode.c.h; path = MVPColorProtocol.h; sourceTree = "<group>"; };
		BD24FD812485F8AD0080640A /* MVPSizeProtocol.h */ = {isa = PBXFileReference; fileEncoding = 4; lastKnownFileType = sourcecode.c.h; path = MVPSizeProtocol.h; sourceTree = "<group>"; };
		BD24FD822485F8AD0080640A /* MVPView.h */ = {isa = PBXFileReference; fileEncoding = 4; lastKnownFileType = sourcecode.c.h; path = MVPView.h; sourceTree = "<group>"; };
		BD24FD832485F8AD0080640A /* MVPViewController.m */ = {isa = PBXFileReference; fileEncoding = 4; lastKnownFileType = sourcecode.c.objc; path = MVPViewController.m; sourceTree = "<group>"; };
		BD24FD842485F8AD0080640A /* MVPPresenter.h */ = {isa = PBXFileReference; fileEncoding = 4; lastKnownFileType = sourcecode.c.h; path = MVPPresenter.h; sourceTree = "<group>"; };
		BD24FD852485F8AD0080640A /* MVPView.m */ = {isa = PBXFileReference; fileEncoding = 4; lastKnownFileType = sourcecode.c.objc; path = MVPView.m; sourceTree = "<group>"; };
		BD24FD862485F8AD0080640A /* MVPModel.h */ = {isa = PBXFileReference; fileEncoding = 4; lastKnownFileType = sourcecode.c.h; path = MVPModel.h; sourceTree = "<group>"; };
		BD24FD882485F8AD0080640A /* MVVMViewModel.m */ = {isa = PBXFileReference; fileEncoding = 4; lastKnownFileType = sourcecode.c.objc; path = MVVMViewModel.m; sourceTree = "<group>"; };
		BD24FD892485F8AD0080640A /* MVVMView.h */ = {isa = PBXFileReference; fileEncoding = 4; lastKnownFileType = sourcecode.c.h; path = MVVMView.h; sourceTree = "<group>"; };
		BD24FD8A2485F8AD0080640A /* MVVMViewController.m */ = {isa = PBXFileReference; fileEncoding = 4; lastKnownFileType = sourcecode.c.objc; path = MVVMViewController.m; sourceTree = "<group>"; };
		BD24FD8B2485F8AD0080640A /* MVVMViewController.h */ = {isa = PBXFileReference; fileEncoding = 4; lastKnownFileType = sourcecode.c.h; path = MVVMViewController.h; sourceTree = "<group>"; };
		BD24FD8C2485F8AD0080640A /* MVVMView.m */ = {isa = PBXFileReference; fileEncoding = 4; lastKnownFileType = sourcecode.c.objc; path = MVVMView.m; sourceTree = "<group>"; };
		BD24FD8D2485F8AD0080640A /* MVVMViewModel.h */ = {isa = PBXFileReference; fileEncoding = 4; lastKnownFileType = sourcecode.c.h; path = MVVMViewModel.h; sourceTree = "<group>"; };
		BD24FDB72485FA350080640A /* BeehiveDemoViewController.h */ = {isa = PBXFileReference; lastKnownFileType = sourcecode.c.h; path = BeehiveDemoViewController.h; sourceTree = "<group>"; };
		BD24FDB82485FA350080640A /* BeehiveDemoViewController.m */ = {isa = PBXFileReference; lastKnownFileType = sourcecode.c.objc; path = BeehiveDemoViewController.m; sourceTree = "<group>"; };
		BD24FDBD2485FCBD0080640A /* ReadMe */ = {isa = PBXFileReference; lastKnownFileType = text; path = ReadMe; sourceTree = "<group>"; };
		BD6F49BA2463E717002A3BC4 /* LgAppDelegate.h */ = {isa = PBXFileReference; lastKnownFileType = sourcecode.c.h; path = LgAppDelegate.h; sourceTree = "<group>"; };
		BD6F49BB2463E717002A3BC4 /* LgAppDelegate.m */ = {isa = PBXFileReference; lastKnownFileType = sourcecode.c.objc; path = LgAppDelegate.m; sourceTree = "<group>"; };
		BDD286CE2455643A00016AC6 /* LgMainProject.app */ = {isa = PBXFileReference; explicitFileType = wrapper.application; includeInIndex = 0; path = LgMainProject.app; sourceTree = BUILT_PRODUCTS_DIR; };
		BDD286D42455643A00016AC6 /* SceneDelegate.h */ = {isa = PBXFileReference; lastKnownFileType = sourcecode.c.h; path = SceneDelegate.h; sourceTree = "<group>"; };
		BDD286D52455643A00016AC6 /* SceneDelegate.m */ = {isa = PBXFileReference; lastKnownFileType = sourcecode.c.objc; path = SceneDelegate.m; sourceTree = "<group>"; };
		BDD286D72455643A00016AC6 /* ViewController.h */ = {isa = PBXFileReference; lastKnownFileType = sourcecode.c.h; path = ViewController.h; sourceTree = "<group>"; };
		BDD286D82455643A00016AC6 /* ViewController.m */ = {isa = PBXFileReference; lastKnownFileType = sourcecode.c.objc; path = ViewController.m; sourceTree = "<group>"; };
		BDD286DB2455643A00016AC6 /* Base */ = {isa = PBXFileReference; lastKnownFileType = file.storyboard; name = Base; path = Base.lproj/Main.storyboard; sourceTree = "<group>"; };
		BDD286DD2455643D00016AC6 /* Assets.xcassets */ = {isa = PBXFileReference; lastKnownFileType = folder.assetcatalog; path = Assets.xcassets; sourceTree = "<group>"; };
		BDD286E02455643D00016AC6 /* Base */ = {isa = PBXFileReference; lastKnownFileType = file.storyboard; name = Base; path = Base.lproj/LaunchScreen.storyboard; sourceTree = "<group>"; };
		BDD286E22455643D00016AC6 /* Info.plist */ = {isa = PBXFileReference; lastKnownFileType = text.plist.xml; path = Info.plist; sourceTree = "<group>"; };
		BDD286E32455643D00016AC6 /* main.m */ = {isa = PBXFileReference; lastKnownFileType = sourcecode.c.objc; path = main.m; sourceTree = "<group>"; };
		BFD6A820290B3278E71A0A2F /* Pods_LgMainProject.framework */ = {isa = PBXFileReference; explicitFileType = wrapper.framework; includeInIndex = 0; path = Pods_LgMainProject.framework; sourceTree = BUILT_PRODUCTS_DIR; };
		E3113F8C1D15356C2F1AE2F9 /* Pods-LgMainProject.debug.xcconfig */ = {isa = PBXFileReference; includeInIndex = 1; lastKnownFileType = text.xcconfig; name = "Pods-LgMainProject.debug.xcconfig"; path = "Target Support Files/Pods-LgMainProject/Pods-LgMainProject.debug.xcconfig"; sourceTree = "<group>"; };
/* End PBXFileReference section */

/* Begin PBXFrameworksBuildPhase section */
		BDD286CB2455643A00016AC6 /* Frameworks */ = {
			isa = PBXFrameworksBuildPhase;
			buildActionMask = 2147483647;
			files = (
				15A5B19295563F44CC293A43 /* Pods_LgMainProject.framework in Frameworks */,
			);
			runOnlyForDeploymentPostprocessing = 0;
		};
/* End PBXFrameworksBuildPhase section */

/* Begin PBXGroup section */
		7DA1A9B51C01823A13A95205 /* Frameworks */ = {
			isa = PBXGroup;
			children = (
				BFD6A820290B3278E71A0A2F /* Pods_LgMainProject.framework */,
			);
			name = Frameworks;
			sourceTree = "<group>";
		};
		945D036C7A2200C9D59980B0 /* Pods */ = {
			isa = PBXGroup;
			children = (
				E3113F8C1D15356C2F1AE2F9 /* Pods-LgMainProject.debug.xcconfig */,
				6016E6E7F0F62451E16EA303 /* Pods-LgMainProject.release.xcconfig */,
			);
			path = Pods;
			sourceTree = "<group>";
		};
		BD24FD6E2485F8AD0080640A /* Architecture */ = {
			isa = PBXGroup;
			children = (
				BD24FDBD2485FCBD0080640A /* ReadMe */,
				BD24FDBA2485FAF80080640A /* Common */,
				BD24FD6F2485F8AD0080640A /* MVC */,
				BD24FD762485F8AD0080640A /* MVP */,
				BD24FD872485F8AD0080640A /* MVVM */,
				BD24FDB52485F9FA0080640A /* Beehive+Module */,
			);
			path = Architecture;
			sourceTree = "<group>";
		};
		BD24FD6F2485F8AD0080640A /* MVC */ = {
			isa = PBXGroup;
			children = (
				BD24FDAC2485F9730080640A /* C */,
				BD24FDAB2485F9700080640A /* V */,
				BD24FDAA2485F96C0080640A /* M */,
			);
			path = MVC;
			sourceTree = "<group>";
		};
		BD24FD762485F8AD0080640A /* MVP */ = {
			isa = PBXGroup;
			children = (
				BD24FDAF2485F9850080640A /* P */,
				BD24FDB12485F9A10080640A /* C */,
				BD24FDAE2485F9820080640A /* V */,
				BD24FDAD2485F97F0080640A /* M */,
			);
			path = MVP;
			sourceTree = "<group>";
		};
		BD24FD7A2485F8AD0080640A /* ProtocolManager */ = {
			isa = PBXGroup;
			children = (
				BD24FD7B2485F8AD0080640A /* MVPSizeManager.h */,
				BD24FD7E2485F8AD0080640A /* MVPSizeManager.m */,
				BD24FD7C2485F8AD0080640A /* MVPColorManager.h */,
				BD24FD7D2485F8AD0080640A /* MVPColorManager.m */,
			);
			path = ProtocolManager;
			sourceTree = "<group>";
		};
		BD24FD7F2485F8AD0080640A /* Protocol */ = {
			isa = PBXGroup;
			children = (
				BD24FD802485F8AD0080640A /* MVPColorProtocol.h */,
				BD24FD812485F8AD0080640A /* MVPSizeProtocol.h */,
			);
			path = Protocol;
			sourceTree = "<group>";
		};
		BD24FD872485F8AD0080640A /* MVVM */ = {
			isa = PBXGroup;
			children = (
				BD24FDB42485F9DE0080640A /* C */,
				BD24FDB32485F9DA0080640A /* V */,
				BD24FDB22485F9D50080640A /* M */,
			);
			path = MVVM;
			sourceTree = "<group>";
		};
		BD24FDAA2485F96C0080640A /* M */ = {
			isa = PBXGroup;
			children = (
				BD24FD712485F8AD0080640A /* MVCModel.h */,
				BD24FD732485F8AD0080640A /* MVCModel.m */,
			);
			path = M;
			sourceTree = "<group>";
		};
		BD24FDAB2485F9700080640A /* V */ = {
			isa = PBXGroup;
			children = (
				BD24FD742485F8AD0080640A /* MVCView.h */,
				BD24FD702485F8AD0080640A /* MVCView.m */,
			);
			path = V;
			sourceTree = "<group>";
		};
		BD24FDAC2485F9730080640A /* C */ = {
			isa = PBXGroup;
			children = (
				BD24FD722485F8AD0080640A /* MVCViewController.h */,
				BD24FD752485F8AD0080640A /* MVCViewController.m */,
			);
			path = C;
			sourceTree = "<group>";
		};
		BD24FDAD2485F97F0080640A /* M */ = {
			isa = PBXGroup;
			children = (
				BD24FD862485F8AD0080640A /* MVPModel.h */,
				BD24FD792485F8AD0080640A /* MVPModel.m */,
			);
			path = M;
			sourceTree = "<group>";
		};
		BD24FDAE2485F9820080640A /* V */ = {
			isa = PBXGroup;
			children = (
				BD24FD822485F8AD0080640A /* MVPView.h */,
				BD24FD852485F8AD0080640A /* MVPView.m */,
			);
			path = V;
			sourceTree = "<group>";
		};
		BD24FDAF2485F9850080640A /* P */ = {
			isa = PBXGroup;
			children = (
				BD24FD842485F8AD0080640A /* MVPPresenter.h */,
				BD24FD782485F8AD0080640A /* MVPPresenter.m */,
			);
			path = P;
			sourceTree = "<group>";
		};
		BD24FDB12485F9A10080640A /* C */ = {
			isa = PBXGroup;
			children = (
				BD24FD772485F8AD0080640A /* MVPViewController.h */,
				BD24FD832485F8AD0080640A /* MVPViewController.m */,
			);
			path = C;
			sourceTree = "<group>";
		};
		BD24FDB22485F9D50080640A /* M */ = {
			isa = PBXGroup;
			children = (
				BD24FD8D2485F8AD0080640A /* MVVMViewModel.h */,
				BD24FD882485F8AD0080640A /* MVVMViewModel.m */,
			);
			path = M;
			sourceTree = "<group>";
		};
		BD24FDB32485F9DA0080640A /* V */ = {
			isa = PBXGroup;
			children = (
				BD24FD892485F8AD0080640A /* MVVMView.h */,
				BD24FD8C2485F8AD0080640A /* MVVMView.m */,
			);
			path = V;
			sourceTree = "<group>";
		};
		BD24FDB42485F9DE0080640A /* C */ = {
			isa = PBXGroup;
			children = (
				BD24FD8B2485F8AD0080640A /* MVVMViewController.h */,
				BD24FD8A2485F8AD0080640A /* MVVMViewController.m */,
			);
			path = C;
			sourceTree = "<group>";
		};
		BD24FDB52485F9FA0080640A /* Beehive+Module */ = {
			isa = PBXGroup;
			children = (
				BD24FDB72485FA350080640A /* BeehiveDemoViewController.h */,
				BD24FDB82485FA350080640A /* BeehiveDemoViewController.m */,
			);
			path = "Beehive+Module";
			sourceTree = "<group>";
		};
		BD24FDBA2485FAF80080640A /* Common */ = {
			isa = PBXGroup;
			children = (
				BD24FD7A2485F8AD0080640A /* ProtocolManager */,
				BD24FD7F2485F8AD0080640A /* Protocol */,
			);
			path = Common;
			sourceTree = "<group>";
		};
		BD24FE8E24860ADB0080640A /* AppMain */ = {
			isa = PBXGroup;
			children = (
				BD6F49BA2463E717002A3BC4 /* LgAppDelegate.h */,
				BD6F49BB2463E717002A3BC4 /* LgAppDelegate.m */,
				BDD286D42455643A00016AC6 /* SceneDelegate.h */,
				BDD286D52455643A00016AC6 /* SceneDelegate.m */,
				BDD286D72455643A00016AC6 /* ViewController.h */,
				BDD286D82455643A00016AC6 /* ViewController.m */,
				BDD286DA2455643A00016AC6 /* Main.storyboard */,
				BDD286DD2455643D00016AC6 /* Assets.xcassets */,
				BDD286DF2455643D00016AC6 /* LaunchScreen.storyboard */,
				BDD286E32455643D00016AC6 /* main.m */,
			);
			path = AppMain;
			sourceTree = "<group>";
		};
		BDD286C52455643A00016AC6 = {
			isa = PBXGroup;
			children = (
				BDD286D02455643A00016AC6 /* LgMainProject */,
				BDD286CF2455643A00016AC6 /* Products */,
				945D036C7A2200C9D59980B0 /* Pods */,
				7DA1A9B51C01823A13A95205 /* Frameworks */,
			);
			sourceTree = "<group>";
		};
		BDD286CF2455643A00016AC6 /* Products */ = {
			isa = PBXGroup;
			children = (
				BDD286CE2455643A00016AC6 /* LgMainProject.app */,
			);
			name = Products;
			sourceTree = "<group>";
		};
		BDD286D02455643A00016AC6 /* LgMainProject */ = {
			isa = PBXGroup;
			children = (
				BDD286E22455643D00016AC6 /* Info.plist */,
				BD24FE8E24860ADB0080640A /* AppMain */,
				BD24FD6E2485F8AD0080640A /* Architecture */,
			);
			path = LgMainProject;
			sourceTree = "<group>";
		};
/* End PBXGroup section */

/* Begin PBXNativeTarget section */
		BDD286CD2455643A00016AC6 /* LgMainProject */ = {
			isa = PBXNativeTarget;
			buildConfigurationList = BDD286E72455643D00016AC6 /* Build configuration list for PBXNativeTarget "LgMainProject" */;
			buildPhases = (
				C9F4485CDB708D24CAAA530D /* [CP] Check Pods Manifest.lock */,
				BDD286CA2455643A00016AC6 /* Sources */,
				BDD286CB2455643A00016AC6 /* Frameworks */,
				BDD286CC2455643A00016AC6 /* Resources */,
				806BEFC3034C53D9CE0E20CD /* [CP] Embed Pods Frameworks */,
			);
			buildRules = (
			);
			dependencies = (
			);
			name = LgMainProject;
			productName = LgMainProject;
			productReference = BDD286CE2455643A00016AC6 /* LgMainProject.app */;
			productType = "com.apple.product-type.application";
		};
/* End PBXNativeTarget section */

/* Begin PBXProject section */
		BDD286C62455643A00016AC6 /* Project object */ = {
			isa = PBXProject;
			attributes = {
				LastUpgradeCheck = 1130;
				ORGANIZATIONNAME = lumi;
				TargetAttributes = {
					BDD286CD2455643A00016AC6 = {
						CreatedOnToolsVersion = 11.3.1;
					};
				};
			};
			buildConfigurationList = BDD286C92455643A00016AC6 /* Build configuration list for PBXProject "LgMainProject" */;
			compatibilityVersion = "Xcode 9.3";
			developmentRegion = en;
			hasScannedForEncodings = 0;
			knownRegions = (
				en,
				Base,
			);
			mainGroup = BDD286C52455643A00016AC6;
			productRefGroup = BDD286CF2455643A00016AC6 /* Products */;
			projectDirPath = "";
			projectRoot = "";
			targets = (
				BDD286CD2455643A00016AC6 /* LgMainProject */,
			);
		};
/* End PBXProject section */

/* Begin PBXResourcesBuildPhase section */
		BDD286CC2455643A00016AC6 /* Resources */ = {
			isa = PBXResourcesBuildPhase;
			buildActionMask = 2147483647;
			files = (
				BD24FDBE2485FCBD0080640A /* ReadMe in Resources */,
				BDD286E12455643D00016AC6 /* LaunchScreen.storyboard in Resources */,
				BDD286DE2455643D00016AC6 /* Assets.xcassets in Resources */,
				BDD286DC2455643A00016AC6 /* Main.storyboard in Resources */,
			);
			runOnlyForDeploymentPostprocessing = 0;
		};
/* End PBXResourcesBuildPhase section */

/* Begin PBXShellScriptBuildPhase section */
		806BEFC3034C53D9CE0E20CD /* [CP] Embed Pods Frameworks */ = {
			isa = PBXShellScriptBuildPhase;
			buildActionMask = 2147483647;
			files = (
			);
			inputFileListPaths = (
			);
			name = "[CP] Embed Pods Frameworks";
			outputFileListPaths = (
			);
			runOnlyForDeploymentPostprocessing = 0;
			shellPath = /bin/sh;
			shellScript = "\"${PODS_ROOT}/Target Support Files/Pods-LgMainProject/Pods-LgMainProject-frameworks.sh\"\n";
			showEnvVarsInLog = 0;
		};
		C9F4485CDB708D24CAAA530D /* [CP] Check Pods Manifest.lock */ = {
			isa = PBXShellScriptBuildPhase;
			buildActionMask = 2147483647;
			files = (
			);
			inputFileListPaths = (
			);
			inputPaths = (
				"${PODS_PODFILE_DIR_PATH}/Podfile.lock",
				"${PODS_ROOT}/Manifest.lock",
			);
			name = "[CP] Check Pods Manifest.lock";
			outputFileListPaths = (
			);
			outputPaths = (
				"$(DERIVED_FILE_DIR)/Pods-LgMainProject-checkManifestLockResult.txt",
			);
			runOnlyForDeploymentPostprocessing = 0;
			shellPath = /bin/sh;
			shellScript = "diff \"${PODS_PODFILE_DIR_PATH}/Podfile.lock\" \"${PODS_ROOT}/Manifest.lock\" > /dev/null\nif [ $? != 0 ] ; then\n    # print error to STDERR\n    echo \"error: The sandbox is not in sync with the Podfile.lock. Run 'pod install' or update your CocoaPods installation.\" >&2\n    exit 1\nfi\n# This output is used by Xcode 'outputs' to avoid re-running this script phase.\necho \"SUCCESS\" > \"${SCRIPT_OUTPUT_FILE_0}\"\n";
			showEnvVarsInLog = 0;
		};
/* End PBXShellScriptBuildPhase section */

/* Begin PBXSourcesBuildPhase section */
		BDD286CA2455643A00016AC6 /* Sources */ = {
			isa = PBXSourcesBuildPhase;
			buildActionMask = 2147483647;
			files = (
				BD24FD9C2485F8AE0080640A /* MVCViewController.m in Sources */,
				BD24FD9F2485F8AE0080640A /* MVPColorManager.m in Sources */,
				BD24FDB92485FA350080640A /* BeehiveDemoViewController.m in Sources */,
				BDD286D92455643A00016AC6 /* ViewController.m in Sources */,
				BD24FDA02485F8AE0080640A /* MVPSizeManager.m in Sources */,
				BD24FDA22485F8AE0080640A /* MVPView.m in Sources */,
				BD24FD9D2485F8AE0080640A /* MVPPresenter.m in Sources */,
				BD24FDA42485F8AE0080640A /* MVVMViewController.m in Sources */,
				BD24FD9E2485F8AE0080640A /* MVPModel.m in Sources */,
				BD24FDA12485F8AE0080640A /* MVPViewController.m in Sources */,
				BD24FD9A2485F8AE0080640A /* MVCView.m in Sources */,
				BD6F49BC2463E717002A3BC4 /* LgAppDelegate.m in Sources */,
				BD24FDA52485F8AE0080640A /* MVVMView.m in Sources */,
				BD24FD9B2485F8AE0080640A /* MVCModel.m in Sources */,
				BD24FDA32485F8AE0080640A /* MVVMViewModel.m in Sources */,
				BDD286E42455643D00016AC6 /* main.m in Sources */,
				BDD286D62455643A00016AC6 /* SceneDelegate.m in Sources */,
			);
			runOnlyForDeploymentPostprocessing = 0;
		};
/* End PBXSourcesBuildPhase section */

/* Begin PBXVariantGroup section */
		BDD286DA2455643A00016AC6 /* Main.storyboard */ = {
			isa = PBXVariantGroup;
			children = (
				BDD286DB2455643A00016AC6 /* Base */,
			);
			name = Main.storyboard;
			sourceTree = "<group>";
		};
		BDD286DF2455643D00016AC6 /* LaunchScreen.storyboard */ = {
			isa = PBXVariantGroup;
			children = (
				BDD286E02455643D00016AC6 /* Base */,
			);
			name = LaunchScreen.storyboard;
			sourceTree = "<group>";
		};
/* End PBXVariantGroup section */

/* Begin XCBuildConfiguration section */
		BDD286E52455643D00016AC6 /* Debug */ = {
			isa = XCBuildConfiguration;
			buildSettings = {
				ALWAYS_SEARCH_USER_PATHS = NO;
				CLANG_ANALYZER_NONNULL = YES;
				CLANG_ANALYZER_NUMBER_OBJECT_CONVERSION = YES_AGGRESSIVE;
				CLANG_CXX_LANGUAGE_STANDARD = "gnu++14";
				CLANG_CXX_LIBRARY = "libc++";
				CLANG_ENABLE_MODULES = YES;
				CLANG_ENABLE_OBJC_ARC = YES;
				CLANG_ENABLE_OBJC_WEAK = YES;
				CLANG_WARN_BLOCK_CAPTURE_AUTORELEASING = YES;
				CLANG_WARN_BOOL_CONVERSION = YES;
				CLANG_WARN_COMMA = YES;
				CLANG_WARN_CONSTANT_CONVERSION = YES;
				CLANG_WARN_DEPRECATED_OBJC_IMPLEMENTATIONS = YES;
				CLANG_WARN_DIRECT_OBJC_ISA_USAGE = YES_ERROR;
				CLANG_WARN_DOCUMENTATION_COMMENTS = YES;
				CLANG_WARN_EMPTY_BODY = YES;
				CLANG_WARN_ENUM_CONVERSION = YES;
				CLANG_WARN_INFINITE_RECURSION = YES;
				CLANG_WARN_INT_CONVERSION = YES;
				CLANG_WARN_NON_LITERAL_NULL_CONVERSION = YES;
				CLANG_WARN_OBJC_IMPLICIT_RETAIN_SELF = YES;
				CLANG_WARN_OBJC_LITERAL_CONVERSION = YES;
				CLANG_WARN_OBJC_ROOT_CLASS = YES_ERROR;
				CLANG_WARN_RANGE_LOOP_ANALYSIS = YES;
				CLANG_WARN_STRICT_PROTOTYPES = YES;
				CLANG_WARN_SUSPICIOUS_MOVE = YES;
				CLANG_WARN_UNGUARDED_AVAILABILITY = YES_AGGRESSIVE;
				CLANG_WARN_UNREACHABLE_CODE = YES;
				CLANG_WARN__DUPLICATE_METHOD_MATCH = YES;
				COPY_PHASE_STRIP = NO;
				DEBUG_INFORMATION_FORMAT = dwarf;
				ENABLE_STRICT_OBJC_MSGSEND = YES;
				ENABLE_TESTABILITY = YES;
				GCC_C_LANGUAGE_STANDARD = gnu11;
				GCC_DYNAMIC_NO_PIC = NO;
				GCC_NO_COMMON_BLOCKS = YES;
				GCC_OPTIMIZATION_LEVEL = 0;
				GCC_PREPROCESSOR_DEFINITIONS = (
					"DEBUG=1",
					"$(inherited)",
				);
				GCC_WARN_64_TO_32_BIT_CONVERSION = YES;
				GCC_WARN_ABOUT_RETURN_TYPE = YES_ERROR;
				GCC_WARN_UNDECLARED_SELECTOR = YES;
				GCC_WARN_UNINITIALIZED_AUTOS = YES_AGGRESSIVE;
				GCC_WARN_UNUSED_FUNCTION = YES;
				GCC_WARN_UNUSED_VARIABLE = YES;
				IPHONEOS_DEPLOYMENT_TARGET = 9.0;
				MTL_ENABLE_DEBUG_INFO = INCLUDE_SOURCE;
				MTL_FAST_MATH = YES;
				ONLY_ACTIVE_ARCH = YES;
				SDKROOT = iphoneos;
			};
			name = Debug;
		};
		BDD286E62455643D00016AC6 /* Release */ = {
			isa = XCBuildConfiguration;
			buildSettings = {
				ALWAYS_SEARCH_USER_PATHS = NO;
				CLANG_ANALYZER_NONNULL = YES;
				CLANG_ANALYZER_NUMBER_OBJECT_CONVERSION = YES_AGGRESSIVE;
				CLANG_CXX_LANGUAGE_STANDARD = "gnu++14";
				CLANG_CXX_LIBRARY = "libc++";
				CLANG_ENABLE_MODULES = YES;
				CLANG_ENABLE_OBJC_ARC = YES;
				CLANG_ENABLE_OBJC_WEAK = YES;
				CLANG_WARN_BLOCK_CAPTURE_AUTORELEASING = YES;
				CLANG_WARN_BOOL_CONVERSION = YES;
				CLANG_WARN_COMMA = YES;
				CLANG_WARN_CONSTANT_CONVERSION = YES;
				CLANG_WARN_DEPRECATED_OBJC_IMPLEMENTATIONS = YES;
				CLANG_WARN_DIRECT_OBJC_ISA_USAGE = YES_ERROR;
				CLANG_WARN_DOCUMENTATION_COMMENTS = YES;
				CLANG_WARN_EMPTY_BODY = YES;
				CLANG_WARN_ENUM_CONVERSION = YES;
				CLANG_WARN_INFINITE_RECURSION = YES;
				CLANG_WARN_INT_CONVERSION = YES;
				CLANG_WARN_NON_LITERAL_NULL_CONVERSION = YES;
				CLANG_WARN_OBJC_IMPLICIT_RETAIN_SELF = YES;
				CLANG_WARN_OBJC_LITERAL_CONVERSION = YES;
				CLANG_WARN_OBJC_ROOT_CLASS = YES_ERROR;
				CLANG_WARN_RANGE_LOOP_ANALYSIS = YES;
				CLANG_WARN_STRICT_PROTOTYPES = YES;
				CLANG_WARN_SUSPICIOUS_MOVE = YES;
				CLANG_WARN_UNGUARDED_AVAILABILITY = YES_AGGRESSIVE;
				CLANG_WARN_UNREACHABLE_CODE = YES;
				CLANG_WARN__DUPLICATE_METHOD_MATCH = YES;
				COPY_PHASE_STRIP = NO;
				DEBUG_INFORMATION_FORMAT = "dwarf-with-dsym";
				ENABLE_NS_ASSERTIONS = NO;
				ENABLE_STRICT_OBJC_MSGSEND = YES;
				GCC_C_LANGUAGE_STANDARD = gnu11;
				GCC_NO_COMMON_BLOCKS = YES;
				GCC_WARN_64_TO_32_BIT_CONVERSION = YES;
				GCC_WARN_ABOUT_RETURN_TYPE = YES_ERROR;
				GCC_WARN_UNDECLARED_SELECTOR = YES;
				GCC_WARN_UNINITIALIZED_AUTOS = YES_AGGRESSIVE;
				GCC_WARN_UNUSED_FUNCTION = YES;
				GCC_WARN_UNUSED_VARIABLE = YES;
				IPHONEOS_DEPLOYMENT_TARGET = 9.0;
				MTL_ENABLE_DEBUG_INFO = NO;
				MTL_FAST_MATH = YES;
				SDKROOT = iphoneos;
				VALIDATE_PRODUCT = YES;
			};
			name = Release;
		};
		BDD286E82455643D00016AC6 /* Debug */ = {
			isa = XCBuildConfiguration;
			baseConfigurationReference = E3113F8C1D15356C2F1AE2F9 /* Pods-LgMainProject.debug.xcconfig */;
			buildSettings = {
				ASSETCATALOG_COMPILER_APPICON_NAME = AppIcon;
				CODE_SIGN_STYLE = Automatic;
				FRAMEWORK_SEARCH_PATHS = (
					"$(inherited)",
					"$(PROJECT_DIR)/LgMainProject",
				);
				INFOPLIST_FILE = LgMainProject/Info.plist;
				LD_RUNPATH_SEARCH_PATHS = (
					"$(inherited)",
					"@executable_path/Frameworks",
				);
				PRODUCT_BUNDLE_IDENTIFIER = lg.LgMainProject;
				PRODUCT_NAME = "$(TARGET_NAME)";
				TARGETED_DEVICE_FAMILY = "1,2";
			};
			name = Debug;
		};
		BDD286E92455643D00016AC6 /* Release */ = {
			isa = XCBuildConfiguration;
			baseConfigurationReference = 6016E6E7F0F62451E16EA303 /* Pods-LgMainProject.release.xcconfig */;
			buildSettings = {
				ASSETCATALOG_COMPILER_APPICON_NAME = AppIcon;
				CODE_SIGN_STYLE = Automatic;
				FRAMEWORK_SEARCH_PATHS = (
					"$(inherited)",
					"$(PROJECT_DIR)/LgMainProject",
				);
				INFOPLIST_FILE = LgMainProject/Info.plist;
				LD_RUNPATH_SEARCH_PATHS = (
					"$(inherited)",
					"@executable_path/Frameworks",
				);
				PRODUCT_BUNDLE_IDENTIFIER = lg.LgMainProject;
				PRODUCT_NAME = "$(TARGET_NAME)";
				TARGETED_DEVICE_FAMILY = "1,2";
			};
			name = Release;
		};
/* End XCBuildConfiguration section */

/* Begin XCConfigurationList section */
		BDD286C92455643A00016AC6 /* Build configuration list for PBXProject "LgMainProject" */ = {
			isa = XCConfigurationList;
			buildConfigurations = (
				BDD286E52455643D00016AC6 /* Debug */,
				BDD286E62455643D00016AC6 /* Release */,
			);
			defaultConfigurationIsVisible = 0;
			defaultConfigurationName = Release;
		};
		BDD286E72455643D00016AC6 /* Build configuration list for PBXNativeTarget "LgMainProject" */ = {
			isa = XCConfigurationList;
			buildConfigurations = (
				BDD286E82455643D00016AC6 /* Debug */,
				BDD286E92455643D00016AC6 /* Release */,
			);
			defaultConfigurationIsVisible = 0;
			defaultConfigurationName = Release;
		};
/* End XCConfigurationList section */
	};
	rootObject = BDD286C62455643A00016AC6 /* Project object */;
}
